{
  "name": "client",
  "version": "0.0.1",
  "lockfileVersion": 1,
  "requires": true,
  "dependencies": {
    "@types/he": {
      "version": "1.1.1",
      "resolved": "https://registry.npmjs.org/@types/he/-/he-1.1.1.tgz",
      "integrity": "sha512-jpzrsR1ns0n3kyWt92QfOUQhIuJGQ9+QGa7M62rO6toe98woQjnsnzjdMtsQXCdvjjmqjS2ZBCC7xKw0cdzU+Q==",
      "dev": true
    },
    "@types/node": {
      "version": "12.12.38",
      "resolved": "https://registry.npmjs.org/@types/node/-/node-12.12.38.tgz",
      "integrity": "sha512-75eLjX0pFuTcUXnnWmALMzzkYorjND0ezNEycaKesbUBg9eGZp4GHPuDmkRc4mQQvIpe29zrzATNRA6hkYqwmA==",
      "dev": true
    }
  }
}
